// !$*UTF8*$!
{
	archiveVersion = 1;
	classes = {
	};
	objectVersion = 46;
	objects = {

/* Begin PBXBuildFile section */
		96A026481CC55C8E006B4CF7 /* AppDelegate.swift in Sources */ = {isa = PBXBuildFile; fileRef = 96A026471CC55C8E006B4CF7 /* AppDelegate.swift */; };
		96A0264A1CC55C8E006B4CF7 /* ViewController.swift in Sources */ = {isa = PBXBuildFile; fileRef = 96A026491CC55C8E006B4CF7 /* ViewController.swift */; };
		96A0264D1CC55C8E006B4CF7 /* Main.storyboard in Resources */ = {isa = PBXBuildFile; fileRef = 96A0264B1CC55C8E006B4CF7 /* Main.storyboard */; };
		96A026501CC55C8E006B4CF7 /* sushidex.xcdatamodeld in Sources */ = {isa = PBXBuildFile; fileRef = 96A0264E1CC55C8E006B4CF7 /* sushidex.xcdatamodeld */; };
		96A026521CC55C8E006B4CF7 /* Assets.xcassets in Resources */ = {isa = PBXBuildFile; fileRef = 96A026511CC55C8E006B4CF7 /* Assets.xcassets */; };
		96A026551CC55C8E006B4CF7 /* LaunchScreen.storyboard in Resources */ = {isa = PBXBuildFile; fileRef = 96A026531CC55C8E006B4CF7 /* LaunchScreen.storyboard */; };
		96BB33A81CC560BD00A1F551 /* Sushi.csv in Resources */ = {isa = PBXBuildFile; fileRef = 96BB33A71CC560BD00A1F551 /* Sushi.csv */; };
/* End PBXBuildFile section */

/* Begin PBXFileReference section */
		96A026441CC55C8E006B4CF7 /* sushidex.app */ = {isa = PBXFileReference; explicitFileType = wrapper.application; includeInIndex = 0; path = sushidex.app; sourceTree = BUILT_PRODUCTS_DIR; };
		96A026471CC55C8E006B4CF7 /* AppDelegate.swift */ = {isa = PBXFileReference; lastKnownFileType = sourcecode.swift; path = AppDelegate.swift; sourceTree = "<group>"; };
		96A026491CC55C8E006B4CF7 /* ViewController.swift */ = {isa = PBXFileReference; lastKnownFileType = sourcecode.swift; path = ViewController.swift; sourceTree = "<group>"; };
		96A0264C1CC55C8E006B4CF7 /* Base */ = {isa = PBXFileReference; lastKnownFileType = file.storyboard; name = Base; path = Base.lproj/Main.storyboard; sourceTree = "<group>"; };
		96A0264F1CC55C8E006B4CF7 /* sushidex.xcdatamodel */ = {isa = PBXFileReference; lastKnownFileType = wrapper.xcdatamodel; path = sushidex.xcdatamodel; sourceTree = "<group>"; };
		96A026511CC55C8E006B4CF7 /* Assets.xcassets */ = {isa = PBXFileReference; lastKnownFileType = folder.assetcatalog; path = Assets.xcassets; sourceTree = "<group>"; };
		96A026541CC55C8E006B4CF7 /* Base */ = {isa = PBXFileReference; lastKnownFileType = file.storyboard; name = Base; path = Base.lproj/LaunchScreen.storyboard; sourceTree = "<group>"; };
		96A026561CC55C8E006B4CF7 /* Info.plist */ = {isa = PBXFileReference; lastKnownFileType = text.plist.xml; path = Info.plist; sourceTree = "<group>"; };
		96BB33A71CC560BD00A1F551 /* Sushi.csv */ = {isa = PBXFileReference; fileEncoding = 4; lastKnownFileType = text; path = Sushi.csv; sourceTree = "<group>"; };
/* End PBXFileReference section */

/* Begin PBXFrameworksBuildPhase section */
		96A026411CC55C8E006B4CF7 /* Frameworks */ = {
			isa = PBXFrameworksBuildPhase;
			buildActionMask = 2147483647;
			files = (
			);
			runOnlyForDeploymentPostprocessing = 0;
		};
/* End PBXFrameworksBuildPhase section */

/* Begin PBXGroup section */
		96A0263B1CC55C8E006B4CF7 = {
			isa = PBXGroup;
			children = (
				96A026461CC55C8E006B4CF7 /* sushidex */,
				96A026451CC55C8E006B4CF7 /* Products */,
			);
			sourceTree = "<group>";
		};
		96A026451CC55C8E006B4CF7 /* Products */ = {
			isa = PBXGroup;
			children = (
				96A026441CC55C8E006B4CF7 /* sushidex.app */,
			);
			name = Products;
			sourceTree = "<group>";
		};
		96A026461CC55C8E006B4CF7 /* sushidex */ = {
			isa = PBXGroup;
			children = (
				96A026471CC55C8E006B4CF7 /* AppDelegate.swift */,
				96A026491CC55C8E006B4CF7 /* ViewController.swift */,
				96BB33A71CC560BD00A1F551 /* Sushi.csv */,
				96A0264B1CC55C8E006B4CF7 /* Main.storyboard */,
				96A026511CC55C8E006B4CF7 /* Assets.xcassets */,
				96A026531CC55C8E006B4CF7 /* LaunchScreen.storyboard */,
				96A026561CC55C8E006B4CF7 /* Info.plist */,
				96A0264E1CC55C8E006B4CF7 /* sushidex.xcdatamodeld */,
			);
			path = sushidex;
			sourceTree = "<group>";
		};
/* End PBXGroup section */

/* Begin PBXNativeTarget section */
		96A026431CC55C8E006B4CF7 /* sushidex */ = {
			isa = PBXNativeTarget;
			buildConfigurationList = 96A026591CC55C8E006B4CF7 /* Build configuration list for PBXNativeTarget "sushidex" */;
			buildPhases = (
				96A026401CC55C8E006B4CF7 /* Sources */,
				96A026411CC55C8E006B4CF7 /* Frameworks */,
				96A026421CC55C8E006B4CF7 /* Resources */,
			);
			buildRules = (
			);
			dependencies = (
			);
			name = sushidex;
			productName = sushidex;
			productReference = 96A026441CC55C8E006B4CF7 /* sushidex.app */;
			productType = "com.apple.product-type.application";
		};
/* End PBXNativeTarget section */

/* Begin PBXProject section */
		96A0263C1CC55C8E006B4CF7 /* Project object */ = {
			isa = PBXProject;
			attributes = {
				LastSwiftUpdateCheck = 0730;
				LastUpgradeCheck = 0730;
				ORGANIZATIONNAME = 8bitsushi;
				TargetAttributes = {
					96A026431CC55C8E006B4CF7 = {
						CreatedOnToolsVersion = 7.3;
					};
				};
			};
			buildConfigurationList = 96A0263F1CC55C8E006B4CF7 /* Build configuration list for PBXProject "sushidex" */;
			compatibilityVersion = "Xcode 3.2";
			developmentRegion = English;
			hasScannedForEncodings = 0;
			knownRegions = (
				en,
				Base,
			);
			mainGroup = 96A0263B1CC55C8E006B4CF7;
			productRefGroup = 96A026451CC55C8E006B4CF7 /* Products */;
			projectDirPath = "";
			projectRoot = "";
			targets = (
				96A026431CC55C8E006B4CF7 /* sushidex */,
			);
		};
/* End PBXProject section */

/* Begin PBXResourcesBuildPhase section */
		96A026421CC55C8E006B4CF7 /* Resources */ = {
			isa = PBXResourcesBuildPhase;
			buildActionMask = 2147483647;
			files = (
				96A026551CC55C8E006B4CF7 /* LaunchScreen.storyboard in Resources */,
				96A026521CC55C8E006B4CF7 /* Assets.xcassets in Resources */,
				96A0264D1CC55C8E006B4CF7 /* Main.storyboard in Resources */,
				96BB33A81CC560BD00A1F551 /* Sushi.csv in Resources */,
			);
			runOnlyForDeploymentPostprocessing = 0;
		};
/* End PBXResourcesBuildPhase section */

/* Begin PBXSourcesBuildPhase section */
		96A026401CC55C8E006B4CF7 /* Sources */ = {
			isa = PBXSourcesBuildPhase;
			buildActionMask = 2147483647;
			files = (
				96A026501CC55C8E006B4CF7 /* sushidex.xcdatamodeld in Sources */,
				96A0264A1CC55C8E006B4CF7 /* ViewController.swift in Sources */,
				96A026481CC55C8E006B4CF7 /* AppDelegate.swift in Sources */,
			);
			runOnlyForDeploymentPostprocessing = 0;
		};
/* End PBXSourcesBuildPhase section */

/* Begin PBXVariantGroup section */
		96A0264B1CC55C8E006B4CF7 /* Main.storyboard */ = {
			isa = PBXVariantGroup;
			children = (
				96A0264C1CC55C8E006B4CF7 /* Base */,
			);
			name = Main.storyboard;
			sourceTree = "<group>";
		};
		96A026531CC55C8E006B4CF7 /* LaunchScreen.storyboard */ = {
			isa = PBXVariantGroup;
			children = (
				96A026541CC55C8E006B4CF7 /* Base */,
			);
			name = LaunchScreen.storyboard;
			sourceTree = "<group>";
		};
/* End PBXVariantGroup section */

/* Begin XCBuildConfiguration section */
		96A026571CC55C8E006B4CF7 /* Debug */ = {
			isa = XCBuildConfiguration;
			buildSettings = {
				ALWAYS_SEARCH_USER_PATHS = NO;
				CLANG_ANALYZER_NONNULL = YES;
				CLANG_CXX_LANGUAGE_STANDARD = "gnu++0x";
				CLANG_CXX_LIBRARY = "libc++";
				CLANG_ENABLE_MODULES = YES;
				CLANG_ENABLE_OBJC_ARC = YES;
				CLANG_WARN_BOOL_CONVERSION = YES;
				CLANG_WARN_CONSTANT_CONVERSION = YES;
				CLANG_WARN_DIRECT_OBJC_ISA_USAGE = YES_ERROR;
				CLANG_WARN_EMPTY_BODY = YES;
				CLANG_WARN_ENUM_CONVERSION = YES;
				CLANG_WARN_INT_CONVERSION = YES;
				CLANG_WARN_OBJC_ROOT_CLASS = YES_ERROR;
				CLANG_WARN_UNREACHABLE_CODE = YES;
				CLANG_WARN__DUPLICATE_METHOD_MATCH = YES;
				"CODE_SIGN_IDENTITY[sdk=iphoneos*]" = "iPhone Developer";
				COPY_PHASE_STRIP = NO;
				DEBUG_INFORMATION_FORMAT = dwarf;
				ENABLE_STRICT_OBJC_MSGSEND = YES;
				ENABLE_TESTABILITY = YES;
				GCC_C_LANGUAGE_STANDARD = gnu99;
				GCC_DYNAMIC_NO_PIC = NO;
				GCC_NO_COMMON_BLOCKS = YES;
				GCC_OPTIMIZATION_LEVEL = 0;
				GCC_PREPROCESSOR_DEFINITIONS = (
					"DEBUG=1",
					"$(inherited)",
				);
				GCC_WARN_64_TO_32_BIT_CONVERSION = YES;
				GCC_WARN_ABOUT_RETURN_TYPE = YES_ERROR;
				GCC_WARN_UNDECLARED_SELECTOR = YES;
				GCC_WARN_UNINITIALIZED_AUTOS = YES_AGGRESSIVE;
				GCC_WARN_UNUSED_FUNCTION = YES;
				GCC_WARN_UNUSED_VARIABLE = YES;
				IPHONEOS_DEPLOYMENT_TARGET = 9.3;
				MTL_ENABLE_DEBUG_INFO = YES;
				ONLY_ACTIVE_ARCH = YES;
				SDKROOT = iphoneos;
				SWIFT_OPTIMIZATION_LEVEL = "-Onone";
				TARGETED_DEVICE_FAMILY = "1,2";
			};
			name = Debug;
		};
		96A026581CC55C8E006B4CF7 /* Release */ = {
			isa = XCBuildConfiguration;
			buildSettings = {
				ALWAYS_SEARCH_USER_PATHS = NO;
				CLANG_ANALYZER_NONNULL = YES;
				CLANG_CXX_LANGUAGE_STANDARD = "gnu++0x";
				CLANG_CXX_LIBRARY = "libc++";
				CLANG_ENABLE_MODULES = YES;
				CLANG_ENABLE_OBJC_ARC = YES;
				CLANG_WARN_BOOL_CONVERSION = YES;
				CLANG_WARN_CONSTANT_CONVERSION = YES;
				CLANG_WARN_DIRECT_OBJC_ISA_USAGE = YES_ERROR;
				CLANG_WARN_EMPTY_BODY = YES;
				CLANG_WARN_ENUM_CONVERSION = YES;
				CLANG_WARN_INT_CONVERSION = YES;
				CLANG_WARN_OBJC_ROOT_CLASS = YES_ERROR;
				CLANG_WARN_UNREACHABLE_CODE = YES;
				CLANG_WARN__DUPLICATE_METHOD_MATCH = YES;
				"CODE_SIGN_IDENTITY[sdk=iphoneos*]" = "iPhone Developer";
				COPY_PHASE_STRIP = NO;
				DEBUG_INFORMATION_FORMAT = "dwarf-with-dsym";
				ENABLE_NS_ASSERTIONS = NO;
				ENABLE_STRICT_OBJC_MSGSEND = YES;
				GCC_C_LANGUAGE_STANDARD = gnu99;
				GCC_NO_COMMON_BLOCKS = YES;
				GCC_WARN_64_TO_32_BIT_CONVERSION = YES;
				GCC_WARN_ABOUT_RETURN_TYPE = YES_ERROR;
				GCC_WARN_UNDECLARED_SELECTOR = YES;
				GCC_WARN_UNINITIALIZED_AUTOS = YES_AGGRESSIVE;
				GCC_WARN_UNUSED_FUNCTION = YES;
				GCC_WARN_UNUSED_VARIABLE = YES;
				IPHONEOS_DEPLOYMENT_TARGET = 9.3;
				MTL_ENABLE_DEBUG_INFO = NO;
				SDKROOT = iphoneos;
				TARGETED_DEVICE_FAMILY = "1,2";
				VALIDATE_PRODUCT = YES;
			};
			name = Release;
		};
		96A0265A1CC55C8E006B4CF7 /* Debug */ = {
			isa = XCBuildConfiguration;
			buildSettings = {
				ASSETCATALOG_COMPILER_APPICON_NAME = AppIcon;
				INFOPLIST_FILE = sushidex/Info.plist;
				LD_RUNPATH_SEARCH_PATHS = "$(inherited) @executable_path/Frameworks";
				PRODUCT_BUNDLE_IDENTIFIER = com.8bitsushi.sushidex;
				PRODUCT_NAME = "$(TARGET_NAME)";
			};
			name = Debug;
		};
		96A0265B1CC55C8E006B4CF7 /* Release */ = {
			isa = XCBuildConfiguration;
			buildSettings = {
				ASSETCATALOG_COMPILER_APPICON_NAME = AppIcon;
				INFOPLIST_FILE = sushidex/Info.plist;
				LD_RUNPATH_SEARCH_PATHS = "$(inherited) @executable_path/Frameworks";
				PRODUCT_BUNDLE_IDENTIFIER = com.8bitsushi.sushidex;
				PRODUCT_NAME = "$(TARGET_NAME)";
			};
			name = Release;
		};
/* End XCBuildConfiguration section */

/* Begin XCConfigurationList section */
		96A0263F1CC55C8E006B4CF7 /* Build configuration list for PBXProject "sushidex" */ = {
			isa = XCConfigurationList;
			buildConfigurations = (
				96A026571CC55C8E006B4CF7 /* Debug */,
				96A026581CC55C8E006B4CF7 /* Release */,
			);
			defaultConfigurationIsVisible = 0;
			defaultConfigurationName = Release;
		};
		96A026591CC55C8E006B4CF7 /* Build configuration list for PBXNativeTarget "sushidex" */ = {
			isa = XCConfigurationList;
			buildConfigurations = (
				96A0265A1CC55C8E006B4CF7 /* Debug */,
				96A0265B1CC55C8E006B4CF7 /* Release */,
			);
			defaultConfigurationIsVisible = 0;
			defaultConfigurationName = Release;
		};
/* End XCConfigurationList section */

/* Begin XCVersionGroup section */
		96A0264E1CC55C8E006B4CF7 /* sushidex.xcdatamodeld */ = {
			isa = XCVersionGroup;
			children = (
				96A0264F1CC55C8E006B4CF7 /* sushidex.xcdatamodel */,
			);
			currentVersion = 96A0264F1CC55C8E006B4CF7 /* sushidex.xcdatamodel */;
			path = sushidex.xcdatamodeld;
			sourceTree = "<group>";
			versionGroupType = wrapper.xcdatamodel;
		};
/* End XCVersionGroup section */
	};
	rootObject = 96A0263C1CC55C8E006B4CF7 /* Project object */;
}
